{
  "name": "package.json",
  "version": "1.0.0",
  "lockfileVersion": 2,
  "requires": true,
  "packages": {
    "": {
      "name": "package.json",
      "version": "1.0.0",
      "license": "ISC",
      "dependencies": {
        "eleventy-plugin-embed-spotify": "^1.2.0",
        "spotify": "^0.3.0"
      }
    },
    "node_modules/eleventy-plugin-embed-spotify": {
      "version": "1.2.0",
      "resolved": "https://registry.npmjs.org/eleventy-plugin-embed-spotify/-/eleventy-plugin-embed-spotify-1.2.0.tgz",
      "integrity": "sha512-9AU0rXchgX35H+sPwesrMRVRzbeTZgDugJo9X5BWPGgWJZp7XnXTI50lIBIxX7+T+MBh2EElAOhcZsNBL6dqfA=="
    },
    "node_modules/spotify": {
      "version": "0.3.0",
      "resolved": "https://registry.npmjs.org/spotify/-/spotify-0.3.0.tgz",
      "integrity": "sha1-QrhRBc/DDxdMBQ8iJ8IanX7bG+Q=",
      "engines": {
        "node": ">= 0.4.0"
      }
    }
  },
  "dependencies": {
    "eleventy-plugin-embed-spotify": {
      "version": "1.2.0",
      "resolved": "https://registry.npmjs.org/eleventy-plugin-embed-spotify/-/eleventy-plugin-embed-spotify-1.2.0.tgz",
      "integrity": "sha512-9AU0rXchgX35H+sPwesrMRVRzbeTZgDugJo9X5BWPGgWJZp7XnXTI50lIBIxX7+T+MBh2EElAOhcZsNBL6dqfA=="
    },
    "spotify": {
      "version": "0.3.0",
      "resolved": "https://registry.npmjs.org/spotify/-/spotify-0.3.0.tgz",
      "integrity": "sha1-QrhRBc/DDxdMBQ8iJ8IanX7bG+Q="
    }
  }
}
